// !$*UTF8*$!
{
	archiveVersion = 1;
	classes = {
	};
	objectVersion = 50;
	objects = {

/* Begin PBXBuildFile section */
		86ED08DC20A1E6FB007A2F57 /* AppDelegate.swift in Sources */ = {isa = PBXBuildFile; fileRef = 86ED08DB20A1E6FB007A2F57 /* AppDelegate.swift */; };
		86ED08E120A1E6FB007A2F57 /* Main.storyboard in Resources */ = {isa = PBXBuildFile; fileRef = 86ED08DF20A1E6FB007A2F57 /* Main.storyboard */; };
		86ED08E320A1E6FE007A2F57 /* Assets.xcassets in Resources */ = {isa = PBXBuildFile; fileRef = 86ED08E220A1E6FE007A2F57 /* Assets.xcassets */; };
		86ED08E620A1E6FE007A2F57 /* LaunchScreen.storyboard in Resources */ = {isa = PBXBuildFile; fileRef = 86ED08E420A1E6FE007A2F57 /* LaunchScreen.storyboard */; };
		86ED08F120A1E6FE007A2F57 /* NavigationBarProjectTests.swift in Sources */ = {isa = PBXBuildFile; fileRef = 86ED08F020A1E6FE007A2F57 /* NavigationBarProjectTests.swift */; };
		86ED08FC20A1E6FE007A2F57 /* NavigationBarProjectUITests.swift in Sources */ = {isa = PBXBuildFile; fileRef = 86ED08FB20A1E6FE007A2F57 /* NavigationBarProjectUITests.swift */; };
		86ED090A20A1EC21007A2F57 /* Races.swift in Sources */ = {isa = PBXBuildFile; fileRef = 86ED090920A1EC21007A2F57 /* Races.swift */; };
		86ED090C20A1F026007A2F57 /* WelcomeViewController.swift in Sources */ = {isa = PBXBuildFile; fileRef = 86ED090B20A1F026007A2F57 /* WelcomeViewController.swift */; };
		86ED091120A1F26C007A2F57 /* FormViewController.swift in Sources */ = {isa = PBXBuildFile; fileRef = 86ED091020A1F26C007A2F57 /* FormViewController.swift */; };
		86ED091320A1F64F007A2F57 /* SuccessViewController.swift in Sources */ = {isa = PBXBuildFile; fileRef = 86ED091220A1F64F007A2F57 /* SuccessViewController.swift */; };
		86ED091520A1FFB3007A2F57 /* CatWelcomeViewController.swift in Sources */ = {isa = PBXBuildFile; fileRef = 86ED091420A1FFB3007A2F57 /* CatWelcomeViewController.swift */; };
		86ED091720A23614007A2F57 /* CatFormViewController.swift in Sources */ = {isa = PBXBuildFile; fileRef = 86ED091620A23614007A2F57 /* CatFormViewController.swift */; };
		86ED091920A2362D007A2F57 /* CatSuccessViewController.swift in Sources */ = {isa = PBXBuildFile; fileRef = 86ED091820A2362D007A2F57 /* CatSuccessViewController.swift */; };
		86ED091B20A4B1E1007A2F57 /* Model.swift in Sources */ = {isa = PBXBuildFile; fileRef = 86ED091A20A4B1E1007A2F57 /* Model.swift */; };
/* End PBXBuildFile section */

/* Begin PBXContainerItemProxy section */
		86ED08ED20A1E6FE007A2F57 /* PBXContainerItemProxy */ = {
			isa = PBXContainerItemProxy;
			containerPortal = 86ED08D020A1E6FB007A2F57 /* Project object */;
			proxyType = 1;
			remoteGlobalIDString = 86ED08D720A1E6FB007A2F57;
			remoteInfo = NavigationBarProject;
		};
		86ED08F820A1E6FE007A2F57 /* PBXContainerItemProxy */ = {
			isa = PBXContainerItemProxy;
			containerPortal = 86ED08D020A1E6FB007A2F57 /* Project object */;
			proxyType = 1;
			remoteGlobalIDString = 86ED08D720A1E6FB007A2F57;
			remoteInfo = NavigationBarProject;
		};
/* End PBXContainerItemProxy section */

/* Begin PBXFileReference section */
		86ED08D820A1E6FB007A2F57 /* NavigationBarProject.app */ = {isa = PBXFileReference; explicitFileType = wrapper.application; includeInIndex = 0; path = NavigationBarProject.app; sourceTree = BUILT_PRODUCTS_DIR; };
		86ED08DB20A1E6FB007A2F57 /* AppDelegate.swift */ = {isa = PBXFileReference; lastKnownFileType = sourcecode.swift; path = AppDelegate.swift; sourceTree = "<group>"; };
		86ED08E020A1E6FB007A2F57 /* Base */ = {isa = PBXFileReference; lastKnownFileType = file.storyboard; name = Base; path = Base.lproj/Main.storyboard; sourceTree = "<group>"; };
		86ED08E220A1E6FE007A2F57 /* Assets.xcassets */ = {isa = PBXFileReference; lastKnownFileType = folder.assetcatalog; path = Assets.xcassets; sourceTree = "<group>"; };
		86ED08E520A1E6FE007A2F57 /* Base */ = {isa = PBXFileReference; lastKnownFileType = file.storyboard; name = Base; path = Base.lproj/LaunchScreen.storyboard; sourceTree = "<group>"; };
		86ED08E720A1E6FE007A2F57 /* Info.plist */ = {isa = PBXFileReference; lastKnownFileType = text.plist.xml; path = Info.plist; sourceTree = "<group>"; };
		86ED08EC20A1E6FE007A2F57 /* NavigationBarProjectTests.xctest */ = {isa = PBXFileReference; explicitFileType = wrapper.cfbundle; includeInIndex = 0; path = NavigationBarProjectTests.xctest; sourceTree = BUILT_PRODUCTS_DIR; };
		86ED08F020A1E6FE007A2F57 /* NavigationBarProjectTests.swift */ = {isa = PBXFileReference; lastKnownFileType = sourcecode.swift; path = NavigationBarProjectTests.swift; sourceTree = "<group>"; };
		86ED08F220A1E6FE007A2F57 /* Info.plist */ = {isa = PBXFileReference; lastKnownFileType = text.plist.xml; path = Info.plist; sourceTree = "<group>"; };
		86ED08F720A1E6FE007A2F57 /* NavigationBarProjectUITests.xctest */ = {isa = PBXFileReference; explicitFileType = wrapper.cfbundle; includeInIndex = 0; path = NavigationBarProjectUITests.xctest; sourceTree = BUILT_PRODUCTS_DIR; };
		86ED08FB20A1E6FE007A2F57 /* NavigationBarProjectUITests.swift */ = {isa = PBXFileReference; lastKnownFileType = sourcecode.swift; path = NavigationBarProjectUITests.swift; sourceTree = "<group>"; };
		86ED08FD20A1E6FE007A2F57 /* Info.plist */ = {isa = PBXFileReference; lastKnownFileType = text.plist.xml; path = Info.plist; sourceTree = "<group>"; };
		86ED090920A1EC21007A2F57 /* Races.swift */ = {isa = PBXFileReference; fileEncoding = 4; lastKnownFileType = sourcecode.swift; path = Races.swift; sourceTree = "<group>"; };
		86ED090B20A1F026007A2F57 /* WelcomeViewController.swift */ = {isa = PBXFileReference; lastKnownFileType = sourcecode.swift; path = WelcomeViewController.swift; sourceTree = "<group>"; };
		86ED091020A1F26C007A2F57 /* FormViewController.swift */ = {isa = PBXFileReference; lastKnownFileType = sourcecode.swift; path = FormViewController.swift; sourceTree = "<group>"; };
		86ED091220A1F64F007A2F57 /* SuccessViewController.swift */ = {isa = PBXFileReference; lastKnownFileType = sourcecode.swift; path = SuccessViewController.swift; sourceTree = "<group>"; };
		86ED091420A1FFB3007A2F57 /* CatWelcomeViewController.swift */ = {isa = PBXFileReference; lastKnownFileType = sourcecode.swift; path = CatWelcomeViewController.swift; sourceTree = "<group>"; };
		86ED091620A23614007A2F57 /* CatFormViewController.swift */ = {isa = PBXFileReference; lastKnownFileType = sourcecode.swift; path = CatFormViewController.swift; sourceTree = "<group>"; };
		86ED091820A2362D007A2F57 /* CatSuccessViewController.swift */ = {isa = PBXFileReference; lastKnownFileType = sourcecode.swift; path = CatSuccessViewController.swift; sourceTree = "<group>"; };
		86ED091A20A4B1E1007A2F57 /* Model.swift */ = {isa = PBXFileReference; lastKnownFileType = sourcecode.swift; path = Model.swift; sourceTree = "<group>"; };
/* End PBXFileReference section */

/* Begin PBXFrameworksBuildPhase section */
		86ED08D520A1E6FB007A2F57 /* Frameworks */ = {
			isa = PBXFrameworksBuildPhase;
			buildActionMask = 2147483647;
			files = (
			);
			runOnlyForDeploymentPostprocessing = 0;
		};
		86ED08E920A1E6FE007A2F57 /* Frameworks */ = {
			isa = PBXFrameworksBuildPhase;
			buildActionMask = 2147483647;
			files = (
			);
			runOnlyForDeploymentPostprocessing = 0;
		};
		86ED08F420A1E6FE007A2F57 /* Frameworks */ = {
			isa = PBXFrameworksBuildPhase;
			buildActionMask = 2147483647;
			files = (
			);
			runOnlyForDeploymentPostprocessing = 0;
		};
/* End PBXFrameworksBuildPhase section */

/* Begin PBXGroup section */
		86ED08CF20A1E6FB007A2F57 = {
			isa = PBXGroup;
			children = (
				86ED090F20A1F1DC007A2F57 /* Controller */,
				86ED090E20A1F192007A2F57 /* View */,
				86ED090D20A1F185007A2F57 /* Model */,
				86ED08DA20A1E6FB007A2F57 /* NavigationBarProject */,
				86ED08EF20A1E6FE007A2F57 /* NavigationBarProjectTests */,
				86ED08FA20A1E6FE007A2F57 /* NavigationBarProjectUITests */,
				86ED08D920A1E6FB007A2F57 /* Products */,
			);
			sourceTree = "<group>";
		};
		86ED08D920A1E6FB007A2F57 /* Products */ = {
			isa = PBXGroup;
			children = (
				86ED08D820A1E6FB007A2F57 /* NavigationBarProject.app */,
				86ED08EC20A1E6FE007A2F57 /* NavigationBarProjectTests.xctest */,
				86ED08F720A1E6FE007A2F57 /* NavigationBarProjectUITests.xctest */,
			);
			name = Products;
			sourceTree = "<group>";
		};
		86ED08DA20A1E6FB007A2F57 /* NavigationBarProject */ = {
			isa = PBXGroup;
			children = (
				86ED08DB20A1E6FB007A2F57 /* AppDelegate.swift */,
				86ED08E720A1E6FE007A2F57 /* Info.plist */,
			);
			path = NavigationBarProject;
			sourceTree = "<group>";
		};
		86ED08EF20A1E6FE007A2F57 /* NavigationBarProjectTests */ = {
			isa = PBXGroup;
			children = (
				86ED08F020A1E6FE007A2F57 /* NavigationBarProjectTests.swift */,
				86ED08F220A1E6FE007A2F57 /* Info.plist */,
			);
			path = NavigationBarProjectTests;
			sourceTree = "<group>";
		};
		86ED08FA20A1E6FE007A2F57 /* NavigationBarProjectUITests */ = {
			isa = PBXGroup;
			children = (
				86ED08FB20A1E6FE007A2F57 /* NavigationBarProjectUITests.swift */,
				86ED08FD20A1E6FE007A2F57 /* Info.plist */,
			);
			path = NavigationBarProjectUITests;
			sourceTree = "<group>";
		};
		86ED090D20A1F185007A2F57 /* Model */ = {
			isa = PBXGroup;
			children = (
				86ED090920A1EC21007A2F57 /* Races.swift */,
				86ED091A20A4B1E1007A2F57 /* Model.swift */,
			);
			path = Model;
			sourceTree = "<group>";
		};
		86ED090E20A1F192007A2F57 /* View */ = {
			isa = PBXGroup;
			children = (
				86ED08DF20A1E6FB007A2F57 /* Main.storyboard */,
				86ED08E220A1E6FE007A2F57 /* Assets.xcassets */,
				86ED08E420A1E6FE007A2F57 /* LaunchScreen.storyboard */,
			);
			path = View;
			sourceTree = "<group>";
		};
		86ED090F20A1F1DC007A2F57 /* Controller */ = {
			isa = PBXGroup;
			children = (
				86ED090B20A1F026007A2F57 /* WelcomeViewController.swift */,
				86ED091020A1F26C007A2F57 /* FormViewController.swift */,
				86ED091220A1F64F007A2F57 /* SuccessViewController.swift */,
				86ED091420A1FFB3007A2F57 /* CatWelcomeViewController.swift */,
				86ED091620A23614007A2F57 /* CatFormViewController.swift */,
				86ED091820A2362D007A2F57 /* CatSuccessViewController.swift */,
			);
			path = Controller;
			sourceTree = "<group>";
		};
/* End PBXGroup section */

/* Begin PBXNativeTarget section */
		86ED08D720A1E6FB007A2F57 /* NavigationBarProject */ = {
			isa = PBXNativeTarget;
			buildConfigurationList = 86ED090020A1E6FE007A2F57 /* Build configuration list for PBXNativeTarget "NavigationBarProject" */;
			buildPhases = (
				86ED08D420A1E6FB007A2F57 /* Sources */,
				86ED08D520A1E6FB007A2F57 /* Frameworks */,
				86ED08D620A1E6FB007A2F57 /* Resources */,
			);
			buildRules = (
			);
			dependencies = (
			);
			name = NavigationBarProject;
			productName = NavigationBarProject;
			productReference = 86ED08D820A1E6FB007A2F57 /* NavigationBarProject.app */;
			productType = "com.apple.product-type.application";
		};
		86ED08EB20A1E6FE007A2F57 /* NavigationBarProjectTests */ = {
			isa = PBXNativeTarget;
			buildConfigurationList = 86ED090320A1E6FE007A2F57 /* Build configuration list for PBXNativeTarget "NavigationBarProjectTests" */;
			buildPhases = (
				86ED08E820A1E6FE007A2F57 /* Sources */,
				86ED08E920A1E6FE007A2F57 /* Frameworks */,
				86ED08EA20A1E6FE007A2F57 /* Resources */,
			);
			buildRules = (
			);
			dependencies = (
				86ED08EE20A1E6FE007A2F57 /* PBXTargetDependency */,
			);
			name = NavigationBarProjectTests;
			productName = NavigationBarProjectTests;
			productReference = 86ED08EC20A1E6FE007A2F57 /* NavigationBarProjectTests.xctest */;
			productType = "com.apple.product-type.bundle.unit-test";
		};
		86ED08F620A1E6FE007A2F57 /* NavigationBarProjectUITests */ = {
			isa = PBXNativeTarget;
			buildConfigurationList = 86ED090620A1E6FE007A2F57 /* Build configuration list for PBXNativeTarget "NavigationBarProjectUITests" */;
			buildPhases = (
				86ED08F320A1E6FE007A2F57 /* Sources */,
				86ED08F420A1E6FE007A2F57 /* Frameworks */,
				86ED08F520A1E6FE007A2F57 /* Resources */,
			);
			buildRules = (
			);
			dependencies = (
				86ED08F920A1E6FE007A2F57 /* PBXTargetDependency */,
			);
			name = NavigationBarProjectUITests;
			productName = NavigationBarProjectUITests;
			productReference = 86ED08F720A1E6FE007A2F57 /* NavigationBarProjectUITests.xctest */;
			productType = "com.apple.product-type.bundle.ui-testing";
		};
/* End PBXNativeTarget section */

/* Begin PBXProject section */
		86ED08D020A1E6FB007A2F57 /* Project object */ = {
			isa = PBXProject;
			attributes = {
				LastSwiftUpdateCheck = 0930;
				LastUpgradeCheck = 0930;
				ORGANIZATIONNAME = "Ibrahima KH GUEYE";
				TargetAttributes = {
					86ED08D720A1E6FB007A2F57 = {
						CreatedOnToolsVersion = 9.3;
					};
					86ED08EB20A1E6FE007A2F57 = {
						CreatedOnToolsVersion = 9.3;
						TestTargetID = 86ED08D720A1E6FB007A2F57;
					};
					86ED08F620A1E6FE007A2F57 = {
						CreatedOnToolsVersion = 9.3;
						TestTargetID = 86ED08D720A1E6FB007A2F57;
					};
				};
			};
			buildConfigurationList = 86ED08D320A1E6FB007A2F57 /* Build configuration list for PBXProject "NavigationBarProject" */;
			compatibilityVersion = "Xcode 9.3";
			developmentRegion = en;
			hasScannedForEncodings = 0;
			knownRegions = (
				en,
				Base,
			);
			mainGroup = 86ED08CF20A1E6FB007A2F57;
			productRefGroup = 86ED08D920A1E6FB007A2F57 /* Products */;
			projectDirPath = "";
			projectRoot = "";
			targets = (
				86ED08D720A1E6FB007A2F57 /* NavigationBarProject */,
				86ED08EB20A1E6FE007A2F57 /* NavigationBarProjectTests */,
				86ED08F620A1E6FE007A2F57 /* NavigationBarProjectUITests */,
			);
		};
/* End PBXProject section */

/* Begin PBXResourcesBuildPhase section */
		86ED08D620A1E6FB007A2F57 /* Resources */ = {
			isa = PBXResourcesBuildPhase;
			buildActionMask = 2147483647;
			files = (
				86ED08E620A1E6FE007A2F57 /* LaunchScreen.storyboard in Resources */,
				86ED08E320A1E6FE007A2F57 /* Assets.xcassets in Resources */,
				86ED08E120A1E6FB007A2F57 /* Main.storyboard in Resources */,
			);
			runOnlyForDeploymentPostprocessing = 0;
		};
		86ED08EA20A1E6FE007A2F57 /* Resources */ = {
			isa = PBXResourcesBuildPhase;
			buildActionMask = 2147483647;
			files = (
			);
			runOnlyForDeploymentPostprocessing = 0;
		};
		86ED08F520A1E6FE007A2F57 /* Resources */ = {
			isa = PBXResourcesBuildPhase;
			buildActionMask = 2147483647;
			files = (
			);
			runOnlyForDeploymentPostprocessing = 0;
		};
/* End PBXResourcesBuildPhase section */

/* Begin PBXSourcesBuildPhase section */
		86ED08D420A1E6FB007A2F57 /* Sources */ = {
			isa = PBXSourcesBuildPhase;
			buildActionMask = 2147483647;
			files = (
				86ED091B20A4B1E1007A2F57 /* Model.swift in Sources */,
				86ED090C20A1F026007A2F57 /* WelcomeViewController.swift in Sources */,
				86ED091920A2362D007A2F57 /* CatSuccessViewController.swift in Sources */,
				86ED090A20A1EC21007A2F57 /* Races.swift in Sources */,
				86ED091120A1F26C007A2F57 /* FormViewController.swift in Sources */,
				86ED091320A1F64F007A2F57 /* SuccessViewController.swift in Sources */,
				86ED091520A1FFB3007A2F57 /* CatWelcomeViewController.swift in Sources */,
				86ED08DC20A1E6FB007A2F57 /* AppDelegate.swift in Sources */,
				86ED091720A23614007A2F57 /* CatFormViewController.swift in Sources */,
			);
			runOnlyForDeploymentPostprocessing = 0;
		};
		86ED08E820A1E6FE007A2F57 /* Sources */ = {
			isa = PBXSourcesBuildPhase;
			buildActionMask = 2147483647;
			files = (
				86ED08F120A1E6FE007A2F57 /* NavigationBarProjectTests.swift in Sources */,
			);
			runOnlyForDeploymentPostprocessing = 0;
		};
		86ED08F320A1E6FE007A2F57 /* Sources */ = {
			isa = PBXSourcesBuildPhase;
			buildActionMask = 2147483647;
			files = (
				86ED08FC20A1E6FE007A2F57 /* NavigationBarProjectUITests.swift in Sources */,
			);
			runOnlyForDeploymentPostprocessing = 0;
		};
/* End PBXSourcesBuildPhase section */

/* Begin PBXTargetDependency section */
		86ED08EE20A1E6FE007A2F57 /* PBXTargetDependency */ = {
			isa = PBXTargetDependency;
			target = 86ED08D720A1E6FB007A2F57 /* NavigationBarProject */;
			targetProxy = 86ED08ED20A1E6FE007A2F57 /* PBXContainerItemProxy */;
		};
		86ED08F920A1E6FE007A2F57 /* PBXTargetDependency */ = {
			isa = PBXTargetDependency;
			target = 86ED08D720A1E6FB007A2F57 /* NavigationBarProject */;
			targetProxy = 86ED08F820A1E6FE007A2F57 /* PBXContainerItemProxy */;
		};
/* End PBXTargetDependency section */

/* Begin PBXVariantGroup section */
		86ED08DF20A1E6FB007A2F57 /* Main.storyboard */ = {
			isa = PBXVariantGroup;
			children = (
				86ED08E020A1E6FB007A2F57 /* Base */,
			);
			name = Main.storyboard;
			sourceTree = "<group>";
		};
		86ED08E420A1E6FE007A2F57 /* LaunchScreen.storyboard */ = {
			isa = PBXVariantGroup;
			children = (
				86ED08E520A1E6FE007A2F57 /* Base */,
			);
			name = LaunchScreen.storyboard;
			sourceTree = "<group>";
		};
/* End PBXVariantGroup section */

/* Begin XCBuildConfiguration section */
		86ED08FE20A1E6FE007A2F57 /* Debug */ = {
			isa = XCBuildConfiguration;
			buildSettings = {
				ALWAYS_SEARCH_USER_PATHS = NO;
				CLANG_ANALYZER_NONNULL = YES;
				CLANG_ANALYZER_NUMBER_OBJECT_CONVERSION = YES_AGGRESSIVE;
				CLANG_CXX_LANGUAGE_STANDARD = "gnu++14";
				CLANG_CXX_LIBRARY = "libc++";
				CLANG_ENABLE_MODULES = YES;
				CLANG_ENABLE_OBJC_ARC = YES;
				CLANG_ENABLE_OBJC_WEAK = YES;
				CLANG_WARN_BLOCK_CAPTURE_AUTORELEASING = YES;
				CLANG_WARN_BOOL_CONVERSION = YES;
				CLANG_WARN_COMMA = YES;
				CLANG_WARN_CONSTANT_CONVERSION = YES;
				CLANG_WARN_DEPRECATED_OBJC_IMPLEMENTATIONS = YES;
				CLANG_WARN_DIRECT_OBJC_ISA_USAGE = YES_ERROR;
				CLANG_WARN_DOCUMENTATION_COMMENTS = YES;
				CLANG_WARN_EMPTY_BODY = YES;
				CLANG_WARN_ENUM_CONVERSION = YES;
				CLANG_WARN_INFINITE_RECURSION = YES;
				CLANG_WARN_INT_CONVERSION = YES;
				CLANG_WARN_NON_LITERAL_NULL_CONVERSION = YES;
				CLANG_WARN_OBJC_IMPLICIT_RETAIN_SELF = YES;
				CLANG_WARN_OBJC_LITERAL_CONVERSION = YES;
				CLANG_WARN_OBJC_ROOT_CLASS = YES_ERROR;
				CLANG_WARN_RANGE_LOOP_ANALYSIS = YES;
				CLANG_WARN_STRICT_PROTOTYPES = YES;
				CLANG_WARN_SUSPICIOUS_MOVE = YES;
				CLANG_WARN_UNGUARDED_AVAILABILITY = YES_AGGRESSIVE;
				CLANG_WARN_UNREACHABLE_CODE = YES;
				CLANG_WARN__DUPLICATE_METHOD_MATCH = YES;
				CODE_SIGN_IDENTITY = "iPhone Developer";
				COPY_PHASE_STRIP = NO;
				DEBUG_INFORMATION_FORMAT = dwarf;
				ENABLE_STRICT_OBJC_MSGSEND = YES;
				ENABLE_TESTABILITY = YES;
				GCC_C_LANGUAGE_STANDARD = gnu11;
				GCC_DYNAMIC_NO_PIC = NO;
				GCC_NO_COMMON_BLOCKS = YES;
				GCC_OPTIMIZATION_LEVEL = 0;
				GCC_PREPROCESSOR_DEFINITIONS = (
					"DEBUG=1",
					"$(inherited)",
				);
				GCC_WARN_64_TO_32_BIT_CONVERSION = YES;
				GCC_WARN_ABOUT_RETURN_TYPE = YES_ERROR;
				GCC_WARN_UNDECLARED_SELECTOR = YES;
				GCC_WARN_UNINITIALIZED_AUTOS = YES_AGGRESSIVE;
				GCC_WARN_UNUSED_FUNCTION = YES;
				GCC_WARN_UNUSED_VARIABLE = YES;
				IPHONEOS_DEPLOYMENT_TARGET = 11.3;
				MTL_ENABLE_DEBUG_INFO = YES;
				ONLY_ACTIVE_ARCH = YES;
				SDKROOT = iphoneos;
				SWIFT_ACTIVE_COMPILATION_CONDITIONS = DEBUG;
				SWIFT_OPTIMIZATION_LEVEL = "-Onone";
			};
			name = Debug;
		};
		86ED08FF20A1E6FE007A2F57 /* Release */ = {
			isa = XCBuildConfiguration;
			buildSettings = {
				ALWAYS_SEARCH_USER_PATHS = NO;
				CLANG_ANALYZER_NONNULL = YES;
				CLANG_ANALYZER_NUMBER_OBJECT_CONVERSION = YES_AGGRESSIVE;
				CLANG_CXX_LANGUAGE_STANDARD = "gnu++14";
				CLANG_CXX_LIBRARY = "libc++";
				CLANG_ENABLE_MODULES = YES;
				CLANG_ENABLE_OBJC_ARC = YES;
				CLANG_ENABLE_OBJC_WEAK = YES;
				CLANG_WARN_BLOCK_CAPTURE_AUTORELEASING = YES;
				CLANG_WARN_BOOL_CONVERSION = YES;
				CLANG_WARN_COMMA = YES;
				CLANG_WARN_CONSTANT_CONVERSION = YES;
				CLANG_WARN_DEPRECATED_OBJC_IMPLEMENTATIONS = YES;
				CLANG_WARN_DIRECT_OBJC_ISA_USAGE = YES_ERROR;
				CLANG_WARN_DOCUMENTATION_COMMENTS = YES;
				CLANG_WARN_EMPTY_BODY = YES;
				CLANG_WARN_ENUM_CONVERSION = YES;
				CLANG_WARN_INFINITE_RECURSION = YES;
				CLANG_WARN_INT_CONVERSION = YES;
				CLANG_WARN_NON_LITERAL_NULL_CONVERSION = YES;
				CLANG_WARN_OBJC_IMPLICIT_RETAIN_SELF = YES;
				CLANG_WARN_OBJC_LITERAL_CONVERSION = YES;
				CLANG_WARN_OBJC_ROOT_CLASS = YES_ERROR;
				CLANG_WARN_RANGE_LOOP_ANALYSIS = YES;
				CLANG_WARN_STRICT_PROTOTYPES = YES;
				CLANG_WARN_SUSPICIOUS_MOVE = YES;
				CLANG_WARN_UNGUARDED_AVAILABILITY = YES_AGGRESSIVE;
				CLANG_WARN_UNREACHABLE_CODE = YES;
				CLANG_WARN__DUPLICATE_METHOD_MATCH = YES;
				CODE_SIGN_IDENTITY = "iPhone Developer";
				COPY_PHASE_STRIP = NO;
				DEBUG_INFORMATION_FORMAT = "dwarf-with-dsym";
				ENABLE_NS_ASSERTIONS = NO;
				ENABLE_STRICT_OBJC_MSGSEND = YES;
				GCC_C_LANGUAGE_STANDARD = gnu11;
				GCC_NO_COMMON_BLOCKS = YES;
				GCC_WARN_64_TO_32_BIT_CONVERSION = YES;
				GCC_WARN_ABOUT_RETURN_TYPE = YES_ERROR;
				GCC_WARN_UNDECLARED_SELECTOR = YES;
				GCC_WARN_UNINITIALIZED_AUTOS = YES_AGGRESSIVE;
				GCC_WARN_UNUSED_FUNCTION = YES;
				GCC_WARN_UNUSED_VARIABLE = YES;
				IPHONEOS_DEPLOYMENT_TARGET = 11.3;
				MTL_ENABLE_DEBUG_INFO = NO;
				SDKROOT = iphoneos;
				SWIFT_COMPILATION_MODE = wholemodule;
				SWIFT_OPTIMIZATION_LEVEL = "-O";
				VALIDATE_PRODUCT = YES;
			};
			name = Release;
		};
		86ED090120A1E6FE007A2F57 /* Debug */ = {
			isa = XCBuildConfiguration;
			buildSettings = {
				ASSETCATALOG_COMPILER_APPICON_NAME = AppIcon;
				CODE_SIGN_STYLE = Automatic;
				DEVELOPMENT_TEAM = 888QW669L8;
				INFOPLIST_FILE = NavigationBarProject/Info.plist;
				LD_RUNPATH_SEARCH_PATHS = (
					"$(inherited)",
					"@executable_path/Frameworks",
				);
				PRODUCT_BUNDLE_IDENTIFIER = IgApple.NavigationBarProject;
				PRODUCT_NAME = "$(TARGET_NAME)";
				SWIFT_VERSION = 4.0;
				TARGETED_DEVICE_FAMILY = "1,2";
			};
			name = Debug;
		};
		86ED090220A1E6FE007A2F57 /* Release */ = {
			isa = XCBuildConfiguration;
			buildSettings = {
				ASSETCATALOG_COMPILER_APPICON_NAME = AppIcon;
				CODE_SIGN_STYLE = Automatic;
				DEVELOPMENT_TEAM = 888QW669L8;
				INFOPLIST_FILE = NavigationBarProject/Info.plist;
				LD_RUNPATH_SEARCH_PATHS = (
					"$(inherited)",
					"@executable_path/Frameworks",
				);
				PRODUCT_BUNDLE_IDENTIFIER = IgApple.NavigationBarProject;
				PRODUCT_NAME = "$(TARGET_NAME)";
				SWIFT_VERSION = 4.0;
				TARGETED_DEVICE_FAMILY = "1,2";
			};
			name = Release;
		};
		86ED090420A1E6FE007A2F57 /* Debug */ = {
			isa = XCBuildConfiguration;
			buildSettings = {
				ALWAYS_EMBED_SWIFT_STANDARD_LIBRARIES = YES;
				BUNDLE_LOADER = "$(TEST_HOST)";
				CODE_SIGN_STYLE = Automatic;
				DEVELOPMENT_TEAM = 888QW669L8;
				INFOPLIST_FILE = NavigationBarProjectTests/Info.plist;
				LD_RUNPATH_SEARCH_PATHS = (
					"$(inherited)",
					"@executable_path/Frameworks",
					"@loader_path/Frameworks",
				);
				PRODUCT_BUNDLE_IDENTIFIER = IgApple.NavigationBarProjectTests;
				PRODUCT_NAME = "$(TARGET_NAME)";
				SWIFT_VERSION = 4.0;
				TARGETED_DEVICE_FAMILY = "1,2";
				TEST_HOST = "$(BUILT_PRODUCTS_DIR)/NavigationBarProject.app/NavigationBarProject";
			};
			name = Debug;
		};
		86ED090520A1E6FE007A2F57 /* Release */ = {
			isa = XCBuildConfiguration;
			buildSettings = {
				ALWAYS_EMBED_SWIFT_STANDARD_LIBRARIES = YES;
				BUNDLE_LOADER = "$(TEST_HOST)";
				CODE_SIGN_STYLE = Automatic;
				DEVELOPMENT_TEAM = 888QW669L8;
				INFOPLIST_FILE = NavigationBarProjectTests/Info.plist;
				LD_RUNPATH_SEARCH_PATHS = (
					"$(inherited)",
					"@executable_path/Frameworks",
					"@loader_path/Frameworks",
				);
				PRODUCT_BUNDLE_IDENTIFIER = IgApple.NavigationBarProjectTests;
				PRODUCT_NAME = "$(TARGET_NAME)";
				SWIFT_VERSION = 4.0;
				TARGETED_DEVICE_FAMILY = "1,2";
				TEST_HOST = "$(BUILT_PRODUCTS_DIR)/NavigationBarProject.app/NavigationBarProject";
			};
			name = Release;
		};
		86ED090720A1E6FE007A2F57 /* Debug */ = {
			isa = XCBuildConfiguration;
			buildSettings = {
				ALWAYS_EMBED_SWIFT_STANDARD_LIBRARIES = YES;
				CODE_SIGN_STYLE = Automatic;
				DEVELOPMENT_TEAM = 888QW669L8;
				INFOPLIST_FILE = NavigationBarProjectUITests/Info.plist;
				LD_RUNPATH_SEARCH_PATHS = (
					"$(inherited)",
					"@executable_path/Frameworks",
					"@loader_path/Frameworks",
				);
				PRODUCT_BUNDLE_IDENTIFIER = IgApple.NavigationBarProjectUITests;
				PRODUCT_NAME = "$(TARGET_NAME)";
				SWIFT_VERSION = 4.0;
				TARGETED_DEVICE_FAMILY = "1,2";
				TEST_TARGET_NAME = NavigationBarProject;
			};
			name = Debug;
		};
		86ED090820A1E6FE007A2F57 /* Release */ = {
			isa = XCBuildConfiguration;
			buildSettings = {
				ALWAYS_EMBED_SWIFT_STANDARD_LIBRARIES = YES;
				CODE_SIGN_STYLE = Automatic;
				DEVELOPMENT_TEAM = 888QW669L8;
				INFOPLIST_FILE = NavigationBarProjectUITests/Info.plist;
				LD_RUNPATH_SEARCH_PATHS = (
					"$(inherited)",
					"@executable_path/Frameworks",
					"@loader_path/Frameworks",
				);
				PRODUCT_BUNDLE_IDENTIFIER = IgApple.NavigationBarProjectUITests;
				PRODUCT_NAME = "$(TARGET_NAME)";
				SWIFT_VERSION = 4.0;
				TARGETED_DEVICE_FAMILY = "1,2";
				TEST_TARGET_NAME = NavigationBarProject;
			};
			name = Release;
		};
/* End XCBuildConfiguration section */

/* Begin XCConfigurationList section */
		86ED08D320A1E6FB007A2F57 /* Build configuration list for PBXProject "NavigationBarProject" */ = {
			isa = XCConfigurationList;
			buildConfigurations = (
				86ED08FE20A1E6FE007A2F57 /* Debug */,
				86ED08FF20A1E6FE007A2F57 /* Release */,
			);
			defaultConfigurationIsVisible = 0;
			defaultConfigurationName = Release;
		};
		86ED090020A1E6FE007A2F57 /* Build configuration list for PBXNativeTarget "NavigationBarProject" */ = {
			isa = XCConfigurationList;
			buildConfigurations = (
				86ED090120A1E6FE007A2F57 /* Debug */,
				86ED090220A1E6FE007A2F57 /* Release */,
			);
			defaultConfigurationIsVisible = 0;
			defaultConfigurationName = Release;
		};
		86ED090320A1E6FE007A2F57 /* Build configuration list for PBXNativeTarget "NavigationBarProjectTests" */ = {
			isa = XCConfigurationList;
			buildConfigurations = (
				86ED090420A1E6FE007A2F57 /* Debug */,
				86ED090520A1E6FE007A2F57 /* Release */,
			);
			defaultConfigurationIsVisible = 0;
			defaultConfigurationName = Release;
		};
		86ED090620A1E6FE007A2F57 /* Build configuration list for PBXNativeTarget "NavigationBarProjectUITests" */ = {
			isa = XCConfigurationList;
			buildConfigurations = (
				86ED090720A1E6FE007A2F57 /* Debug */,
				86ED090820A1E6FE007A2F57 /* Release */,
			);
			defaultConfigurationIsVisible = 0;
			defaultConfigurationName = Release;
		};
/* End XCConfigurationList section */
	};
	rootObject = 86ED08D020A1E6FB007A2F57 /* Project object */;
}
